# This file is automatically @generated by Wally.
# It is not intended for manual editing.
registry = "test"

[[package]]
name = "alicesaidhi/jabby"
version = "0.3.1"
dependencies = [["jecs", "ukendio/jecs@0.8.3"], ["pebble", "alicesaidhi/pebble@0.1.2"], ["vide", "centau/vide@0.3.1"]]

[[package]]
name = "alicesaidhi/jabby"
version = "0.4.0"
dependencies = [["jecs", "ukendio/jecs@0.9.0"], ["pebble", "alicesaidhi/pebble@0.1.2"], ["vide", "centau/vide@0.3.1"]]

[[package]]
name = "alicesaidhi/pebble"
version = "0.1.2"
dependencies = [["vide", "centau/vide@0.3.1"]]

[[package]]
name = "centau/vide"
version = "0.3.1"
dependencies = []

[[package]]
name = "centau/vide"
version = "0.4.0"
dependencies = []

[[package]]
name = "data-oriented-house/squash"
version = "5.0.0"
dependencies = []

[[package]]
name = "evaera/promise"
version = "4.0.0"
dependencies = []

[[package]]
name = "jsdotlua/boolean"
version = "1.2.7"
dependencies = [["number", "jsdotlua/number@1.2.7"]]

[[package]]
name = "jsdotlua/collections"
version = "1.2.7"
dependencies = [["es7-types", "jsdotlua/es7-types@1.2.7"], ["instance-of", "jsdotlua/instance-of@1.2.7"]]

[[package]]
name = "jsdotlua/console"
version = "1.2.7"
dependencies = [["collections", "jsdotlua/collections@1.2.7"]]

[[package]]
name = "jsdotlua/es7-types"
version = "1.2.7"
dependencies = []

[[package]]
name = "jsdotlua/instance-of"
version = "1.2.7"
dependencies = []

[[package]]
name = "jsdotlua/luau-polyfill"
version = "1.2.7"
dependencies = [["boolean", "jsdotlua/boolean@1.2.7"], ["collections", "jsdotlua/collections@1.2.7"], ["console", "jsdotlua/console@1.2.7"], ["es7-types", "jsdotlua/es7-types@1.2.7"], ["instance-of", "jsdotlua/instance-of@1.2.7"], ["math", "jsdotlua/math@1.2.7"], ["number", "jsdotlua/number@1.2.7"], ["string", "jsdotlua/string@1.2.7"], ["symbol-luau", "jsdotlua/symbol-luau@1.0.1"], ["timers", "jsdotlua/timers@1.2.7"]]

[[package]]
name = "jsdotlua/math"
version = "1.2.7"
dependencies = []

[[package]]
name = "jsdotlua/number"
version = "1.2.7"
dependencies = []

[[package]]
name = "jsdotlua/react"
version = "17.2.1"
dependencies = [["luau-polyfill", "jsdotlua/luau-polyfill@1.2.7"], ["shared", "jsdotlua/shared@17.2.1"]]

[[package]]
name = "jsdotlua/shared"
version = "17.2.1"
dependencies = [["luau-polyfill", "jsdotlua/luau-polyfill@1.2.7"]]

[[package]]
name = "jsdotlua/string"
version = "1.2.7"
dependencies = [["es7-types", "jsdotlua/es7-types@1.2.7"], ["number", "jsdotlua/number@1.2.7"]]

[[package]]
name = "jsdotlua/symbol-luau"
version = "1.0.1"
dependencies = []

[[package]]
name = "jsdotlua/timers"
version = "1.2.7"
dependencies = [["collections", "jsdotlua/collections@1.2.7"]]

[[package]]
name = "littensy/react-ripple"
version = "3.0.1"
dependencies = [["React", "jsdotlua/react@17.2.1"], ["Ripple", "littensy/ripple@0.10.2"]]

[[package]]
name = "littensy/ripple"
version = "0.10.2"
dependencies = []

[[package]]
name = "littensy/vide-ripple"
version = "0.10.2"
dependencies = [["Ripple", "littensy/ripple@0.10.2"], ["Vide", "centau/vide@0.4.0"]]

[[package]]
name = "lovel/memorandum-porting-test"
version = "0.1.0"
dependencies = [["Jabby", "alicesaidhi/jabby@0.4.0"], ["Jecs", "ukendio/jecs@0.9.0"], ["Planck", "yetanotherclown/planck@0.2.0"], ["PlanckJabby", "yetanotherclown/planck-jabby@0.2.0"], ["PlanckRunService", "yetanotherclown/planck-runservice@0.2.0"], ["Promise", "evaera/promise@4.0.0"], ["ReactRipple", "littensy/react-ripple@3.0.1"], ["Ripple", "littensy/ripple@0.10.2"], ["Spark", "nezuo/spark@0.3.1"], ["Squash", "data-oriented-house/squash@5.0.0"], ["VideRipple", "littensy/vide-ripple@0.10.2"], ["jecs_assemblies", "pepeeltoro41/jecs-assemblies@1.0.2"], ["jecs_gizmo", "pepeeltoro41/jecs-gizmo@1.0.2"], ["jecs_spring", "pepeeltoro41/jecs-spring@1.0.2"], ["jecs_utils", "pepeeltoro41/jecs-utils@1.4.3"], ["jecs_vide", "pepeeltoro41/jecs-vide@1.0.7"], ["pebble", "alicesaidhi/pebble@0.1.2"], ["replecs", "pepeeltoro41/replecs@0.2.4"], ["vide", "centau/vide@0.3.1"], ["yetanothernet", "yetanotherclown/yetanothernet@0.9.0"]]

[[package]]
name = "nezuo/spark"
version = "0.3.1"
dependencies = [["Promise", "evaera/promise@4.0.0"]]

[[package]]
name = "pepeeltoro41/jecs-assemblies"
version = "1.0.2"
dependencies = [["jecs", "ukendio/jecs@0.10.4"]]

[[package]]
name = "pepeeltoro41/jecs-gizmo"
version = "1.0.2"
dependencies = [["jecs", "ukendio/jecs@0.10.4"]]

[[package]]
name = "pepeeltoro41/jecs-spring"
version = "1.0.2"
dependencies = [["jecs", "ukendio/jecs@0.10.4"], ["ripple", "littensy/ripple@0.10.2"]]

[[package]]
name = "pepeeltoro41/jecs-utils"
version = "1.4.3"
dependencies = [["jecs", "ukendio/jecs@0.11.0"]]

[[package]]
name = "pepeeltoro41/jecs-vide"
version = "1.0.7"
dependencies = [["jecs", "ukendio/jecs@0.11.0"], ["jecs-utils", "pepeeltoro41/jecs-utils@1.4.3"], ["vide", "centau/vide@0.4.0"]]

[[package]]
name = "pepeeltoro41/replecs"
version = "0.2.4"
dependencies = [["jecs", "ukendio/jecs@0.9.0"]]

[[package]]
name = "ukendio/jecs"
version = "0.8.3"
dependencies = []

[[package]]
name = "ukendio/jecs"
version = "0.9.0"
dependencies = []

[[package]]
name = "ukendio/jecs"
version = "0.10.4"
dependencies = []

[[package]]
name = "ukendio/jecs"
version = "0.11.0"
dependencies = []

[[package]]
name = "yetanotherclown/planck"
version = "0.2.0"
dependencies = []

[[package]]
name = "yetanotherclown/planck-jabby"
version = "0.2.0"
dependencies = [["Jabby", "alicesaidhi/jabby@0.3.1"]]

[[package]]
name = "yetanotherclown/planck-runservice"
version = "0.2.0"
dependencies = [["Planck", "yetanotherclown/planck@0.2.0"]]

[[package]]
name = "yetanotherclown/yetanothernet"
version = "0.9.0"
dependencies = []
